
Microsoft Visual Studio Solution File, Format Version 12.00
# Visual Studio Version 17
VisualStudioVersion = 17.3.32825.248
MinimumVisualStudioVersion = 10.0.40219.1
Project("{FAE04EC0-301F-11D3-BF4B-00C04F79EFBC}") = "Exception_Handle", "Exception_Handle.csproj", "{C7E64DAF-0111-4BF0-878F-10B657471DCA}"
EndProject
Global
	GlobalSection(SolutionConfigurationPlatforms) = preSolution
		Debug|Any CPU = Debug|Any CPU
		Release|Any CPU = Release|Any CPU
	EndGlobalSection
	GlobalSection(ProjectConfigurationPlatforms) = postSolution
		{C7E64DAF-0111-4BF0-878F-10B657471DCA}.Debug|Any CPU.ActiveCfg = Debug|Any CPU
		{C7E64DAF-0111-4BF0-878F-10B657471DCA}.Debug|Any CPU.Build.0 = Debug|Any CPU
		{C7E64DAF-0111-4BF0-878F-10B657471DCA}.Release|Any CPU.ActiveCfg = Release|Any CPU
		{C7E64DAF-0111-4BF0-878F-10B657471DCA}.Release|Any CPU.Build.0 = Release|Any CPU
	EndGlobalSection
	GlobalSection(SolutionProperties) = preSolution
		HideSolutionNode = FALSE
	EndGlobalSection
	GlobalSection(ExtensibilityGlobals) = postSolution
		SolutionGuid = {A0BF25EB-14A1-4C19-ABE3-4CEEE4830355}
	EndGlobalSection
EndGlobal
